{
  "name": "backend",
  "lockfileVersion": 3,
  "requires": true,
  "packages": {
    "": {
      "dependencies": {
        "@capacitor/device": "^8.0.2"
      }
    },
    "node_modules/@capacitor/device": {
      "version": "8.0.2",
      "resolved": "https://registry.npmjs.org/@capacitor/device/-/device-8.0.2.tgz",
      "integrity": "sha512-fIqSXnG0s6bz5A/0xFgSXDkbU+Xl65ti80LhucNvLI4kGhJzcNn6SwWVwpXN9SJTOFWXblXknHNppheP8X1frQ==",
      "license": "MIT",
      "peerDependencies": {
        "@capacitor/core": ">=8.0.0"
      }
    }
  }
}
